
Microsoft Visual Studio Solution File, Format Version 12.00
# Visual Studio Version 17
VisualStudioVersion = 17.2.32519.379
MinimumVisualStudioVersion = 10.0.40219.1
Project("{8BC9CEB8-8B4A-11D0-8D11-00A0C91BC942}") = "求长度", "求长度.vcxproj", "{B4BA24B6-A2F2-40D9-AFC9-A8A259A991D5}"
EndProject
Global
	GlobalSection(SolutionConfigurationPlatforms) = preSolution
		Debug|x64 = Debug|x64
		Debug|x86 = Debug|x86
		Release|x64 = Release|x64
		Release|x86 = Release|x86
	EndGlobalSection
	GlobalSection(ProjectConfigurationPlatforms) = postSolution
		{B4BA24B6-A2F2-40D9-AFC9-A8A259A991D5}.Debug|x64.ActiveCfg = Debug|x64
		{B4BA24B6-A2F2-40D9-AFC9-A8A259A991D5}.Debug|x64.Build.0 = Debug|x64
		{B4BA24B6-A2F2-40D9-AFC9-A8A259A991D5}.Debug|x86.ActiveCfg = Debug|Win32
		{B4BA24B6-A2F2-40D9-AFC9-A8A259A991D5}.Debug|x86.Build.0 = Debug|Win32
		{B4BA24B6-A2F2-40D9-AFC9-A8A259A991D5}.Release|x64.ActiveCfg = Release|x64
		{B4BA24B6-A2F2-40D9-AFC9-A8A259A991D5}.Release|x64.Build.0 = Release|x64
		{B4BA24B6-A2F2-40D9-AFC9-A8A259A991D5}.Release|x86.ActiveCfg = Release|Win32
		{B4BA24B6-A2F2-40D9-AFC9-A8A259A991D5}.Release|x86.Build.0 = Release|Win32
	EndGlobalSection
	GlobalSection(SolutionProperties) = preSolution
		HideSolutionNode = FALSE
	EndGlobalSection
	GlobalSection(ExtensibilityGlobals) = postSolution
		SolutionGuid = {85BF5F79-2CE1-46F7-8EF2-CDA7F0FA6289}
	EndGlobalSection
EndGlobal
